
Microsoft Visual Studio Solution File, Format Version 12.00
# Visual Studio 2013
VisualStudioVersion = 12.0.30723.0
MinimumVisualStudioVersion = 10.0.40219.1
Project("{FAE04EC0-301F-11D3-BF4B-00C04F79EFBC}") = "Pumps101", "Pumps101\Pumps101.csproj", "{00807C9D-BC34-458D-8FD5-B68ABB247A22}"
EndProject
Project("{2150E333-8FDC-42A3-9474-1A3956D46DE8}") = "PublishScripts", "PublishScripts", "{25B75E92-F336-44D2-9DCA-C122F52B0FC7}"
	ProjectSection(SolutionItems) = preProject
		PublishScripts\AzureWebsitePublishModule.psm1 = PublishScripts\AzureWebsitePublishModule.psm1
		PublishScripts\Publish-WebApplicationWebsite.ps1 = PublishScripts\Publish-WebApplicationWebsite.ps1
	EndProjectSection
EndProject
Project("{2150E333-8FDC-42A3-9474-1A3956D46DE8}") = "Configurations", "Configurations", "{B223849F-05B7-4E67-BDA4-0D586E99C260}"
	ProjectSection(SolutionItems) = preProject
		PublishScripts\Configurations\Pumps101-WAWS-dev.json = PublishScripts\Configurations\Pumps101-WAWS-dev.json
	EndProjectSection
EndProject
Global
	GlobalSection(SolutionConfigurationPlatforms) = preSolution
		Debug|Any CPU = Debug|Any CPU
		Release|Any CPU = Release|Any CPU
	EndGlobalSection
	GlobalSection(ProjectConfigurationPlatforms) = postSolution
		{00807C9D-BC34-458D-8FD5-B68ABB247A22}.Debug|Any CPU.ActiveCfg = Debug|Any CPU
		{00807C9D-BC34-458D-8FD5-B68ABB247A22}.Debug|Any CPU.Build.0 = Debug|Any CPU
		{00807C9D-BC34-458D-8FD5-B68ABB247A22}.Release|Any CPU.ActiveCfg = Release|Any CPU
		{00807C9D-BC34-458D-8FD5-B68ABB247A22}.Release|Any CPU.Build.0 = Release|Any CPU
	EndGlobalSection
	GlobalSection(SolutionProperties) = preSolution
		HideSolutionNode = FALSE
	EndGlobalSection
	GlobalSection(NestedProjects) = preSolution
		{B223849F-05B7-4E67-BDA4-0D586E99C260} = {25B75E92-F336-44D2-9DCA-C122F52B0FC7}
	EndGlobalSection
EndGlobal
